
Microsoft Visual Studio Solution File, Format Version 12.00
# Visual Studio Version 17
VisualStudioVersion = 17.8.34511.84
MinimumVisualStudioVersion = 10.0.40219.1
Project("{FAE04EC0-301F-11D3-BF4B-00C04F79EFBC}") = "AuthAPI", "AuthAPI\AuthAPI.csproj", "{486DFB13-6ABE-469D-8ACD-BA3CBE9DC50A}"
EndProject
Global
	GlobalSection(SolutionConfigurationPlatforms) = preSolution
		Debug|Any CPU = Debug|Any CPU
		Release|Any CPU = Release|Any CPU
	EndGlobalSection
	GlobalSection(ProjectConfigurationPlatforms) = postSolution
		{486DFB13-6ABE-469D-8ACD-BA3CBE9DC50A}.Debug|Any CPU.ActiveCfg = Debug|Any CPU
		{486DFB13-6ABE-469D-8ACD-BA3CBE9DC50A}.Debug|Any CPU.Build.0 = Debug|Any CPU
		{486DFB13-6ABE-469D-8ACD-BA3CBE9DC50A}.Release|Any CPU.ActiveCfg = Release|Any CPU
		{486DFB13-6ABE-469D-8ACD-BA3CBE9DC50A}.Release|Any CPU.Build.0 = Release|Any CPU
	EndGlobalSection
	GlobalSection(SolutionProperties) = preSolution
		HideSolutionNode = FALSE
	EndGlobalSection
	GlobalSection(ExtensibilityGlobals) = postSolution
		SolutionGuid = {DBF6E002-328D-4451-ADCC-C3A716BC9C2A}
	EndGlobalSection
EndGlobal
